// !$*UTF8*$!
{
	archiveVersion = 1;
	classes = {
	};
	objectVersion = 50;
	objects = {

/* Begin PBXBuildFile section */
		1387DBD421EEDCBD00686C10 /* AppDelegate.swift in Sources */ = {isa = PBXBuildFile; fileRef = 1387DBD321EEDCBD00686C10 /* AppDelegate.swift */; };
		1387DBD621EEDCBD00686C10 /* TodoListViewController.swift in Sources */ = {isa = PBXBuildFile; fileRef = 1387DBD521EEDCBD00686C10 /* TodoListViewController.swift */; };
		1387DBD921EEDCBD00686C10 /* Main.storyboard in Resources */ = {isa = PBXBuildFile; fileRef = 1387DBD721EEDCBD00686C10 /* Main.storyboard */; };
		1387DBDB21EEDCC700686C10 /* Assets.xcassets in Resources */ = {isa = PBXBuildFile; fileRef = 1387DBDA21EEDCC700686C10 /* Assets.xcassets */; };
		1387DBDE21EEDCC700686C10 /* LaunchScreen.storyboard in Resources */ = {isa = PBXBuildFile; fileRef = 1387DBDC21EEDCC700686C10 /* LaunchScreen.storyboard */; };
		1398ACF121F57417000799D3 /* Item.swift in Sources */ = {isa = PBXBuildFile; fileRef = 1398ACF021F57417000799D3 /* Item.swift */; };
		13DCA6AD21FE75350056B632 /* CategoryViewController.swift in Sources */ = {isa = PBXBuildFile; fileRef = 13DCA6AC21FE75350056B632 /* CategoryViewController.swift */; };
		13EC295F21FAB5A200262F40 /* DataModel.xcdatamodeld in Sources */ = {isa = PBXBuildFile; fileRef = 13EC295D21FAB5A200262F40 /* DataModel.xcdatamodeld */; };
		13FE99CD21F57E0500131340 /* Default-568h@2x.png in Resources */ = {isa = PBXBuildFile; fileRef = 13FE99CC21F57E0500131340 /* Default-568h@2x.png */; };
/* End PBXBuildFile section */

/* Begin PBXFileReference section */
		1387DBD021EEDCBD00686C10 /* 221 - Todoey.app */ = {isa = PBXFileReference; explicitFileType = wrapper.application; includeInIndex = 0; path = "221 - Todoey.app"; sourceTree = BUILT_PRODUCTS_DIR; };
		1387DBD321EEDCBD00686C10 /* AppDelegate.swift */ = {isa = PBXFileReference; lastKnownFileType = sourcecode.swift; path = AppDelegate.swift; sourceTree = "<group>"; };
		1387DBD521EEDCBD00686C10 /* TodoListViewController.swift */ = {isa = PBXFileReference; lastKnownFileType = sourcecode.swift; path = TodoListViewController.swift; sourceTree = "<group>"; };
		1387DBD821EEDCBD00686C10 /* Base */ = {isa = PBXFileReference; lastKnownFileType = file.storyboard; name = Base; path = Base.lproj/Main.storyboard; sourceTree = "<group>"; };
		1387DBDA21EEDCC700686C10 /* Assets.xcassets */ = {isa = PBXFileReference; lastKnownFileType = folder.assetcatalog; path = Assets.xcassets; sourceTree = "<group>"; };
		1387DBDD21EEDCC700686C10 /* Base */ = {isa = PBXFileReference; lastKnownFileType = file.storyboard; name = Base; path = Base.lproj/LaunchScreen.storyboard; sourceTree = "<group>"; };
		1387DBDF21EEDCC700686C10 /* Info.plist */ = {isa = PBXFileReference; lastKnownFileType = text.plist.xml; name = Info.plist; path = "221 - Todoey/Info.plist"; sourceTree = SOURCE_ROOT; };
		1398ACF021F57417000799D3 /* Item.swift */ = {isa = PBXFileReference; lastKnownFileType = sourcecode.swift; path = Item.swift; sourceTree = "<group>"; };
		13DCA6AC21FE75350056B632 /* CategoryViewController.swift */ = {isa = PBXFileReference; lastKnownFileType = sourcecode.swift; path = CategoryViewController.swift; sourceTree = "<group>"; };
		13EC295E21FAB5A200262F40 /* DataModel.xcdatamodel */ = {isa = PBXFileReference; lastKnownFileType = wrapper.xcdatamodel; path = DataModel.xcdatamodel; sourceTree = "<group>"; };
		13FE99CC21F57E0500131340 /* Default-568h@2x.png */ = {isa = PBXFileReference; lastKnownFileType = image.png; path = "Default-568h@2x.png"; sourceTree = "<group>"; };
/* End PBXFileReference section */

/* Begin PBXFrameworksBuildPhase section */
		1387DBCD21EEDCBC00686C10 /* Frameworks */ = {
			isa = PBXFrameworksBuildPhase;
			buildActionMask = 2147483647;
			files = (
			);
			runOnlyForDeploymentPostprocessing = 0;
		};
/* End PBXFrameworksBuildPhase section */

/* Begin PBXGroup section */
		1387DBC721EEDCBC00686C10 = {
			isa = PBXGroup;
			children = (
				13FE99CC21F57E0500131340 /* Default-568h@2x.png */,
				1387DBD221EEDCBD00686C10 /* 221 - Todoey */,
				1387DBDF21EEDCC700686C10 /* Info.plist */,
				1387DBD121EEDCBD00686C10 /* Products */,
			);
			sourceTree = "<group>";
		};
		1387DBD121EEDCBD00686C10 /* Products */ = {
			isa = PBXGroup;
			children = (
				1387DBD021EEDCBD00686C10 /* 221 - Todoey.app */,
			);
			name = Products;
			sourceTree = "<group>";
		};
		1387DBD221EEDCBD00686C10 /* 221 - Todoey */ = {
			isa = PBXGroup;
			children = (
				1398ACF421F57684000799D3 /* Controller */,
				1398ACF221F57641000799D3 /* Model */,
				1398ACF321F5766D000799D3 /* View */,
				1398ACF721F57A3C000799D3 /* Supporting Files */,
			);
			path = "221 - Todoey";
			sourceTree = "<group>";
		};
		1398ACF221F57641000799D3 /* Model */ = {
			isa = PBXGroup;
			children = (
				1398ACF021F57417000799D3 /* Item.swift */,
				13EC295D21FAB5A200262F40 /* DataModel.xcdatamodeld */,
			);
			path = Model;
			sourceTree = "<group>";
		};
		1398ACF321F5766D000799D3 /* View */ = {
			isa = PBXGroup;
			children = (
				1387DBD721EEDCBD00686C10 /* Main.storyboard */,
			);
			path = View;
			sourceTree = "<group>";
		};
		1398ACF421F57684000799D3 /* Controller */ = {
			isa = PBXGroup;
			children = (
				1387DBD321EEDCBD00686C10 /* AppDelegate.swift */,
				13DCA6AC21FE75350056B632 /* CategoryViewController.swift */,
				1387DBD521EEDCBD00686C10 /* TodoListViewController.swift */,
			);
			path = Controller;
			sourceTree = "<group>";
		};
		1398ACF721F57A3C000799D3 /* Supporting Files */ = {
			isa = PBXGroup;
			children = (
				1387DBDA21EEDCC700686C10 /* Assets.xcassets */,
				1387DBDC21EEDCC700686C10 /* LaunchScreen.storyboard */,
			);
			path = "Supporting Files";
			sourceTree = "<group>";
		};
/* End PBXGroup section */

/* Begin PBXNativeTarget section */
		1387DBCF21EEDCBC00686C10 /* 221 - Todoey */ = {
			isa = PBXNativeTarget;
			buildConfigurationList = 1387DBE221EEDCC700686C10 /* Build configuration list for PBXNativeTarget "221 - Todoey" */;
			buildPhases = (
				1387DBCC21EEDCBC00686C10 /* Sources */,
				1387DBCD21EEDCBC00686C10 /* Frameworks */,
				1387DBCE21EEDCBC00686C10 /* Resources */,
			);
			buildRules = (
			);
			dependencies = (
			);
			name = "221 - Todoey";
			productName = "221 - Todoey";
			productReference = 1387DBD021EEDCBD00686C10 /* 221 - Todoey.app */;
			productType = "com.apple.product-type.application";
		};
/* End PBXNativeTarget section */

/* Begin PBXProject section */
		1387DBC821EEDCBC00686C10 /* Project object */ = {
			isa = PBXProject;
			attributes = {
				LastSwiftUpdateCheck = 1010;
				LastUpgradeCheck = 1010;
				ORGANIZATIONNAME = ABRIDGEA;
				TargetAttributes = {
					1387DBCF21EEDCBC00686C10 = {
						CreatedOnToolsVersion = 10.1;
					};
				};
			};
			buildConfigurationList = 1387DBCB21EEDCBC00686C10 /* Build configuration list for PBXProject "221 - Todoey" */;
			compatibilityVersion = "Xcode 9.3";
			developmentRegion = en;
			hasScannedForEncodings = 0;
			knownRegions = (
				en,
				Base,
			);
			mainGroup = 1387DBC721EEDCBC00686C10;
			productRefGroup = 1387DBD121EEDCBD00686C10 /* Products */;
			projectDirPath = "";
			projectRoot = "";
			targets = (
				1387DBCF21EEDCBC00686C10 /* 221 - Todoey */,
			);
		};
/* End PBXProject section */

/* Begin PBXResourcesBuildPhase section */
		1387DBCE21EEDCBC00686C10 /* Resources */ = {
			isa = PBXResourcesBuildPhase;
			buildActionMask = 2147483647;
			files = (
				1387DBDE21EEDCC700686C10 /* LaunchScreen.storyboard in Resources */,
				13FE99CD21F57E0500131340 /* Default-568h@2x.png in Resources */,
				1387DBDB21EEDCC700686C10 /* Assets.xcassets in Resources */,
				1387DBD921EEDCBD00686C10 /* Main.storyboard in Resources */,
			);
			runOnlyForDeploymentPostprocessing = 0;
		};
/* End PBXResourcesBuildPhase section */

/* Begin PBXSourcesBuildPhase section */
		1387DBCC21EEDCBC00686C10 /* Sources */ = {
			isa = PBXSourcesBuildPhase;
			buildActionMask = 2147483647;
			files = (
				13DCA6AD21FE75350056B632 /* CategoryViewController.swift in Sources */,
				1387DBD621EEDCBD00686C10 /* TodoListViewController.swift in Sources */,
				13EC295F21FAB5A200262F40 /* DataModel.xcdatamodeld in Sources */,
				1387DBD421EEDCBD00686C10 /* AppDelegate.swift in Sources */,
				1398ACF121F57417000799D3 /* Item.swift in Sources */,
			);
			runOnlyForDeploymentPostprocessing = 0;
		};
/* End PBXSourcesBuildPhase section */

/* Begin PBXVariantGroup section */
		1387DBD721EEDCBD00686C10 /* Main.storyboard */ = {
			isa = PBXVariantGroup;
			children = (
				1387DBD821EEDCBD00686C10 /* Base */,
			);
			name = Main.storyboard;
			sourceTree = "<group>";
		};
		1387DBDC21EEDCC700686C10 /* LaunchScreen.storyboard */ = {
			isa = PBXVariantGroup;
			children = (
				1387DBDD21EEDCC700686C10 /* Base */,
			);
			name = LaunchScreen.storyboard;
			sourceTree = "<group>";
		};
/* End PBXVariantGroup section */

/* Begin XCBuildConfiguration section */
		1387DBE021EEDCC700686C10 /* Debug */ = {
			isa = XCBuildConfiguration;
			buildSettings = {
				ALWAYS_SEARCH_USER_PATHS = NO;
				CLANG_ANALYZER_NONNULL = YES;
				CLANG_ANALYZER_NUMBER_OBJECT_CONVERSION = YES_AGGRESSIVE;
				CLANG_CXX_LANGUAGE_STANDARD = "gnu++14";
				CLANG_CXX_LIBRARY = "libc++";
				CLANG_ENABLE_MODULES = YES;
				CLANG_ENABLE_OBJC_ARC = YES;
				CLANG_ENABLE_OBJC_WEAK = YES;
				CLANG_WARN_BLOCK_CAPTURE_AUTORELEASING = YES;
				CLANG_WARN_BOOL_CONVERSION = YES;
				CLANG_WARN_COMMA = YES;
				CLANG_WARN_CONSTANT_CONVERSION = YES;
				CLANG_WARN_DEPRECATED_OBJC_IMPLEMENTATIONS = YES;
				CLANG_WARN_DIRECT_OBJC_ISA_USAGE = YES_ERROR;
				CLANG_WARN_DOCUMENTATION_COMMENTS = YES;
				CLANG_WARN_EMPTY_BODY = YES;
				CLANG_WARN_ENUM_CONVERSION = YES;
				CLANG_WARN_INFINITE_RECURSION = YES;
				CLANG_WARN_INT_CONVERSION = YES;
				CLANG_WARN_NON_LITERAL_NULL_CONVERSION = YES;
				CLANG_WARN_OBJC_IMPLICIT_RETAIN_SELF = YES;
				CLANG_WARN_OBJC_LITERAL_CONVERSION = YES;
				CLANG_WARN_OBJC_ROOT_CLASS = YES_ERROR;
				CLANG_WARN_RANGE_LOOP_ANALYSIS = YES;
				CLANG_WARN_STRICT_PROTOTYPES = YES;
				CLANG_WARN_SUSPICIOUS_MOVE = YES;
				CLANG_WARN_UNGUARDED_AVAILABILITY = YES_AGGRESSIVE;
				CLANG_WARN_UNREACHABLE_CODE = YES;
				CLANG_WARN__DUPLICATE_METHOD_MATCH = YES;
				CODE_SIGN_IDENTITY = "iPhone Developer";
				COPY_PHASE_STRIP = NO;
				DEBUG_INFORMATION_FORMAT = dwarf;
				ENABLE_STRICT_OBJC_MSGSEND = YES;
				ENABLE_TESTABILITY = YES;
				GCC_C_LANGUAGE_STANDARD = gnu11;
				GCC_DYNAMIC_NO_PIC = NO;
				GCC_NO_COMMON_BLOCKS = YES;
				GCC_OPTIMIZATION_LEVEL = 0;
				GCC_PREPROCESSOR_DEFINITIONS = (
					"DEBUG=1",
					"$(inherited)",
				);
				GCC_WARN_64_TO_32_BIT_CONVERSION = YES;
				GCC_WARN_ABOUT_RETURN_TYPE = YES_ERROR;
				GCC_WARN_UNDECLARED_SELECTOR = YES;
				GCC_WARN_UNINITIALIZED_AUTOS = YES_AGGRESSIVE;
				GCC_WARN_UNUSED_FUNCTION = YES;
				GCC_WARN_UNUSED_VARIABLE = YES;
				IPHONEOS_DEPLOYMENT_TARGET = 12.1;
				MTL_ENABLE_DEBUG_INFO = INCLUDE_SOURCE;
				MTL_FAST_MATH = YES;
				ONLY_ACTIVE_ARCH = YES;
				SDKROOT = iphoneos;
				SWIFT_ACTIVE_COMPILATION_CONDITIONS = DEBUG;
				SWIFT_OPTIMIZATION_LEVEL = "-Onone";
			};
			name = Debug;
		};
		1387DBE121EEDCC700686C10 /* Release */ = {
			isa = XCBuildConfiguration;
			buildSettings = {
				ALWAYS_SEARCH_USER_PATHS = NO;
				CLANG_ANALYZER_NONNULL = YES;
				CLANG_ANALYZER_NUMBER_OBJECT_CONVERSION = YES_AGGRESSIVE;
				CLANG_CXX_LANGUAGE_STANDARD = "gnu++14";
				CLANG_CXX_LIBRARY = "libc++";
				CLANG_ENABLE_MODULES = YES;
				CLANG_ENABLE_OBJC_ARC = YES;
				CLANG_ENABLE_OBJC_WEAK = YES;
				CLANG_WARN_BLOCK_CAPTURE_AUTORELEASING = YES;
				CLANG_WARN_BOOL_CONVERSION = YES;
				CLANG_WARN_COMMA = YES;
				CLANG_WARN_CONSTANT_CONVERSION = YES;
				CLANG_WARN_DEPRECATED_OBJC_IMPLEMENTATIONS = YES;
				CLANG_WARN_DIRECT_OBJC_ISA_USAGE = YES_ERROR;
				CLANG_WARN_DOCUMENTATION_COMMENTS = YES;
				CLANG_WARN_EMPTY_BODY = YES;
				CLANG_WARN_ENUM_CONVERSION = YES;
				CLANG_WARN_INFINITE_RECURSION = YES;
				CLANG_WARN_INT_CONVERSION = YES;
				CLANG_WARN_NON_LITERAL_NULL_CONVERSION = YES;
				CLANG_WARN_OBJC_IMPLICIT_RETAIN_SELF = YES;
				CLANG_WARN_OBJC_LITERAL_CONVERSION = YES;
				CLANG_WARN_OBJC_ROOT_CLASS = YES_ERROR;
				CLANG_WARN_RANGE_LOOP_ANALYSIS = YES;
				CLANG_WARN_STRICT_PROTOTYPES = YES;
				CLANG_WARN_SUSPICIOUS_MOVE = YES;
				CLANG_WARN_UNGUARDED_AVAILABILITY = YES_AGGRESSIVE;
				CLANG_WARN_UNREACHABLE_CODE = YES;
				CLANG_WARN__DUPLICATE_METHOD_MATCH = YES;
				CODE_SIGN_IDENTITY = "iPhone Developer";
				COPY_PHASE_STRIP = NO;
				DEBUG_INFORMATION_FORMAT = "dwarf-with-dsym";
				ENABLE_NS_ASSERTIONS = NO;
				ENABLE_STRICT_OBJC_MSGSEND = YES;
				GCC_C_LANGUAGE_STANDARD = gnu11;
				GCC_NO_COMMON_BLOCKS = YES;
				GCC_WARN_64_TO_32_BIT_CONVERSION = YES;
				GCC_WARN_ABOUT_RETURN_TYPE = YES_ERROR;
				GCC_WARN_UNDECLARED_SELECTOR = YES;
				GCC_WARN_UNINITIALIZED_AUTOS = YES_AGGRESSIVE;
				GCC_WARN_UNUSED_FUNCTION = YES;
				GCC_WARN_UNUSED_VARIABLE = YES;
				IPHONEOS_DEPLOYMENT_TARGET = 12.1;
				MTL_ENABLE_DEBUG_INFO = NO;
				MTL_FAST_MATH = YES;
				SDKROOT = iphoneos;
				SWIFT_COMPILATION_MODE = wholemodule;
				SWIFT_OPTIMIZATION_LEVEL = "-O";
				VALIDATE_PRODUCT = YES;
			};
			name = Release;
		};
		1387DBE321EEDCC700686C10 /* Debug */ = {
			isa = XCBuildConfiguration;
			buildSettings = {
				ASSETCATALOG_COMPILER_APPICON_NAME = AppIcon;
				CODE_SIGN_STYLE = Automatic;
				INFOPLIST_FILE = "221 - Todoey/Info.plist";
				LD_RUNPATH_SEARCH_PATHS = (
					"$(inherited)",
					"@executable_path/Frameworks",
				);
				PRODUCT_BUNDLE_IDENTIFIER = "com.abridgea.-21---Todoey";
				PRODUCT_NAME = "$(TARGET_NAME)";
				SWIFT_VERSION = 4.2;
				TARGETED_DEVICE_FAMILY = "1,2";
			};
			name = Debug;
		};
		1387DBE421EEDCC700686C10 /* Release */ = {
			isa = XCBuildConfiguration;
			buildSettings = {
				ASSETCATALOG_COMPILER_APPICON_NAME = AppIcon;
				CODE_SIGN_STYLE = Automatic;
				INFOPLIST_FILE = "221 - Todoey/Info.plist";
				LD_RUNPATH_SEARCH_PATHS = (
					"$(inherited)",
					"@executable_path/Frameworks",
				);
				PRODUCT_BUNDLE_IDENTIFIER = "com.abridgea.-21---Todoey";
				PRODUCT_NAME = "$(TARGET_NAME)";
				SWIFT_VERSION = 4.2;
				TARGETED_DEVICE_FAMILY = "1,2";
			};
			name = Release;
		};
/* End XCBuildConfiguration section */

/* Begin XCConfigurationList section */
		1387DBCB21EEDCBC00686C10 /* Build configuration list for PBXProject "221 - Todoey" */ = {
			isa = XCConfigurationList;
			buildConfigurations = (
				1387DBE021EEDCC700686C10 /* Debug */,
				1387DBE121EEDCC700686C10 /* Release */,
			);
			defaultConfigurationIsVisible = 0;
			defaultConfigurationName = Release;
		};
		1387DBE221EEDCC700686C10 /* Build configuration list for PBXNativeTarget "221 - Todoey" */ = {
			isa = XCConfigurationList;
			buildConfigurations = (
				1387DBE321EEDCC700686C10 /* Debug */,
				1387DBE421EEDCC700686C10 /* Release */,
			);
			defaultConfigurationIsVisible = 0;
			defaultConfigurationName = Release;
		};
/* End XCConfigurationList section */

/* Begin XCVersionGroup section */
		13EC295D21FAB5A200262F40 /* DataModel.xcdatamodeld */ = {
			isa = XCVersionGroup;
			children = (
				13EC295E21FAB5A200262F40 /* DataModel.xcdatamodel */,
			);
			currentVersion = 13EC295E21FAB5A200262F40 /* DataModel.xcdatamodel */;
			path = DataModel.xcdatamodeld;
			sourceTree = "<group>";
			versionGroupType = wrapper.xcdatamodel;
		};
/* End XCVersionGroup section */
	};
	rootObject = 1387DBC821EEDCBC00686C10 /* Project object */;
}
